
Microsoft Visual Studio Solution File, Format Version 12.00
# Visual Studio Version 17
VisualStudioVersion = 17.0.31903.59
MinimumVisualStudioVersion = 10.0.40219.1
Project("{FAE04EC0-301F-11D3-BF4B-00C04F79EFBC}") = "EmailEZ.Domain", "EmailEZ.Domain\EmailEZ.Domain.csproj", "{E9BE5988-16C1-4C46-9BF8-028C969F06BD}"
EndProject
Project("{FAE04EC0-301F-11D3-BF4B-00C04F79EFBC}") = "EmailEZ.Application", "EmailEZ.Application\EmailEZ.Application.csproj", "{D9BC9514-6924-432B-86AD-6A928266E668}"
EndProject
Project("{FAE04EC0-301F-11D3-BF4B-00C04F79EFBC}") = "EmailEZ.Infrastructure", "EmailEZ.Infrastructure\EmailEZ.Infrastructure.csproj", "{090662BF-8B97-43C6-A8BD-0C28D557AAA2}"
EndProject
Project("{FAE04EC0-301F-11D3-BF4B-00C04F79EFBC}") = "EmailEZ.Api", "EmailEZ.Api\EmailEZ.Api.csproj", "{565A357C-B269-421D-BCF3-3D944A2975C3}"
EndProject
Project("{FAE04EC0-301F-11D3-BF4B-00C04F79EFBC}") = "EmailEZ.Client", "EmailEZ.Client\EmailEZ.Client.csproj", "{3655F38C-BA4E-449D-ABDB-2DEA7A343ABD}"
EndProject
Project("{FAE04EC0-301F-11D3-BF4B-00C04F79EFBC}") = "EmailEZ.Client.TestWebApp", "EmailEZ.Client.TestWebApp\EmailEZ.Client.TestWebApp.csproj", "{24484E62-F78A-4912-8D2B-D9BB87D140B4}"
EndProject
Global
	GlobalSection(SolutionConfigurationPlatforms) = preSolution
		Debug|Any CPU = Debug|Any CPU
		Debug|x64 = Debug|x64
		Debug|x86 = Debug|x86
		Release|Any CPU = Release|Any CPU
		Release|x64 = Release|x64
		Release|x86 = Release|x86
	EndGlobalSection
	GlobalSection(ProjectConfigurationPlatforms) = postSolution
		{E9BE5988-16C1-4C46-9BF8-028C969F06BD}.Debug|Any CPU.ActiveCfg = Debug|Any CPU
		{E9BE5988-16C1-4C46-9BF8-028C969F06BD}.Debug|Any CPU.Build.0 = Debug|Any CPU
		{E9BE5988-16C1-4C46-9BF8-028C969F06BD}.Debug|x64.ActiveCfg = Debug|Any CPU
		{E9BE5988-16C1-4C46-9BF8-028C969F06BD}.Debug|x64.Build.0 = Debug|Any CPU
		{E9BE5988-16C1-4C46-9BF8-028C969F06BD}.Debug|x86.ActiveCfg = Debug|Any CPU
		{E9BE5988-16C1-4C46-9BF8-028C969F06BD}.Debug|x86.Build.0 = Debug|Any CPU
		{E9BE5988-16C1-4C46-9BF8-028C969F06BD}.Release|Any CPU.ActiveCfg = Release|Any CPU
		{E9BE5988-16C1-4C46-9BF8-028C969F06BD}.Release|Any CPU.Build.0 = Release|Any CPU
		{E9BE5988-16C1-4C46-9BF8-028C969F06BD}.Release|x64.ActiveCfg = Release|Any CPU
		{E9BE5988-16C1-4C46-9BF8-028C969F06BD}.Release|x64.Build.0 = Release|Any CPU
		{E9BE5988-16C1-4C46-9BF8-028C969F06BD}.Release|x86.ActiveCfg = Release|Any CPU
		{E9BE5988-16C1-4C46-9BF8-028C969F06BD}.Release|x86.Build.0 = Release|Any CPU
		{D9BC9514-6924-432B-86AD-6A928266E668}.Debug|Any CPU.ActiveCfg = Debug|Any CPU
		{D9BC9514-6924-432B-86AD-6A928266E668}.Debug|Any CPU.Build.0 = Debug|Any CPU
		{D9BC9514-6924-432B-86AD-6A928266E668}.Debug|x64.ActiveCfg = Debug|Any CPU
		{D9BC9514-6924-432B-86AD-6A928266E668}.Debug|x64.Build.0 = Debug|Any CPU
		{D9BC9514-6924-432B-86AD-6A928266E668}.Debug|x86.ActiveCfg = Debug|Any CPU
		{D9BC9514-6924-432B-86AD-6A928266E668}.Debug|x86.Build.0 = Debug|Any CPU
		{D9BC9514-6924-432B-86AD-6A928266E668}.Release|Any CPU.ActiveCfg = Release|Any CPU
		{D9BC9514-6924-432B-86AD-6A928266E668}.Release|Any CPU.Build.0 = Release|Any CPU
		{D9BC9514-6924-432B-86AD-6A928266E668}.Release|x64.ActiveCfg = Release|Any CPU
		{D9BC9514-6924-432B-86AD-6A928266E668}.Release|x64.Build.0 = Release|Any CPU
		{D9BC9514-6924-432B-86AD-6A928266E668}.Release|x86.ActiveCfg = Release|Any CPU
		{D9BC9514-6924-432B-86AD-6A928266E668}.Release|x86.Build.0 = Release|Any CPU
		{090662BF-8B97-43C6-A8BD-0C28D557AAA2}.Debug|Any CPU.ActiveCfg = Debug|Any CPU
		{090662BF-8B97-43C6-A8BD-0C28D557AAA2}.Debug|Any CPU.Build.0 = Debug|Any CPU
		{090662BF-8B97-43C6-A8BD-0C28D557AAA2}.Debug|x64.ActiveCfg = Debug|Any CPU
		{090662BF-8B97-43C6-A8BD-0C28D557AAA2}.Debug|x64.Build.0 = Debug|Any CPU
		{090662BF-8B97-43C6-A8BD-0C28D557AAA2}.Debug|x86.ActiveCfg = Debug|Any CPU
		{090662BF-8B97-43C6-A8BD-0C28D557AAA2}.Debug|x86.Build.0 = Debug|Any CPU
		{090662BF-8B97-43C6-A8BD-0C28D557AAA2}.Release|Any CPU.ActiveCfg = Release|Any CPU
		{090662BF-8B97-43C6-A8BD-0C28D557AAA2}.Release|Any CPU.Build.0 = Release|Any CPU
		{090662BF-8B97-43C6-A8BD-0C28D557AAA2}.Release|x64.ActiveCfg = Release|Any CPU
		{090662BF-8B97-43C6-A8BD-0C28D557AAA2}.Release|x64.Build.0 = Release|Any CPU
		{090662BF-8B97-43C6-A8BD-0C28D557AAA2}.Release|x86.ActiveCfg = Release|Any CPU
		{090662BF-8B97-43C6-A8BD-0C28D557AAA2}.Release|x86.Build.0 = Release|Any CPU
		{565A357C-B269-421D-BCF3-3D944A2975C3}.Debug|Any CPU.ActiveCfg = Debug|Any CPU
		{565A357C-B269-421D-BCF3-3D944A2975C3}.Debug|Any CPU.Build.0 = Debug|Any CPU
		{565A357C-B269-421D-BCF3-3D944A2975C3}.Debug|x64.ActiveCfg = Debug|Any CPU
		{565A357C-B269-421D-BCF3-3D944A2975C3}.Debug|x64.Build.0 = Debug|Any CPU
		{565A357C-B269-421D-BCF3-3D944A2975C3}.Debug|x86.ActiveCfg = Debug|Any CPU
		{565A357C-B269-421D-BCF3-3D944A2975C3}.Debug|x86.Build.0 = Debug|Any CPU
		{565A357C-B269-421D-BCF3-3D944A2975C3}.Release|Any CPU.ActiveCfg = Release|Any CPU
		{565A357C-B269-421D-BCF3-3D944A2975C3}.Release|Any CPU.Build.0 = Release|Any CPU
		{565A357C-B269-421D-BCF3-3D944A2975C3}.Release|x64.ActiveCfg = Release|Any CPU
		{565A357C-B269-421D-BCF3-3D944A2975C3}.Release|x64.Build.0 = Release|Any CPU
		{565A357C-B269-421D-BCF3-3D944A2975C3}.Release|x86.ActiveCfg = Release|Any CPU
		{565A357C-B269-421D-BCF3-3D944A2975C3}.Release|x86.Build.0 = Release|Any CPU
		{3655F38C-BA4E-449D-ABDB-2DEA7A343ABD}.Debug|Any CPU.ActiveCfg = Debug|Any CPU
		{3655F38C-BA4E-449D-ABDB-2DEA7A343ABD}.Debug|Any CPU.Build.0 = Debug|Any CPU
		{3655F38C-BA4E-449D-ABDB-2DEA7A343ABD}.Debug|x64.ActiveCfg = Debug|Any CPU
		{3655F38C-BA4E-449D-ABDB-2DEA7A343ABD}.Debug|x64.Build.0 = Debug|Any CPU
		{3655F38C-BA4E-449D-ABDB-2DEA7A343ABD}.Debug|x86.ActiveCfg = Debug|Any CPU
		{3655F38C-BA4E-449D-ABDB-2DEA7A343ABD}.Debug|x86.Build.0 = Debug|Any CPU
		{3655F38C-BA4E-449D-ABDB-2DEA7A343ABD}.Release|Any CPU.ActiveCfg = Release|Any CPU
		{3655F38C-BA4E-449D-ABDB-2DEA7A343ABD}.Release|Any CPU.Build.0 = Release|Any CPU
		{3655F38C-BA4E-449D-ABDB-2DEA7A343ABD}.Release|x64.ActiveCfg = Release|Any CPU
		{3655F38C-BA4E-449D-ABDB-2DEA7A343ABD}.Release|x64.Build.0 = Release|Any CPU
		{3655F38C-BA4E-449D-ABDB-2DEA7A343ABD}.Release|x86.ActiveCfg = Release|Any CPU
		{3655F38C-BA4E-449D-ABDB-2DEA7A343ABD}.Release|x86.Build.0 = Release|Any CPU
		{24484E62-F78A-4912-8D2B-D9BB87D140B4}.Debug|Any CPU.ActiveCfg = Debug|Any CPU
		{24484E62-F78A-4912-8D2B-D9BB87D140B4}.Debug|x64.ActiveCfg = Debug|Any CPU
		{24484E62-F78A-4912-8D2B-D9BB87D140B4}.Debug|x64.Build.0 = Debug|Any CPU
		{24484E62-F78A-4912-8D2B-D9BB87D140B4}.Debug|x86.ActiveCfg = Debug|Any CPU
		{24484E62-F78A-4912-8D2B-D9BB87D140B4}.Debug|x86.Build.0 = Debug|Any CPU
		{24484E62-F78A-4912-8D2B-D9BB87D140B4}.Release|Any CPU.ActiveCfg = Release|Any CPU
		{24484E62-F78A-4912-8D2B-D9BB87D140B4}.Release|Any CPU.Build.0 = Release|Any CPU
		{24484E62-F78A-4912-8D2B-D9BB87D140B4}.Release|x64.ActiveCfg = Release|Any CPU
		{24484E62-F78A-4912-8D2B-D9BB87D140B4}.Release|x64.Build.0 = Release|Any CPU
		{24484E62-F78A-4912-8D2B-D9BB87D140B4}.Release|x86.ActiveCfg = Release|Any CPU
		{24484E62-F78A-4912-8D2B-D9BB87D140B4}.Release|x86.Build.0 = Release|Any CPU
	EndGlobalSection
	GlobalSection(SolutionProperties) = preSolution
		HideSolutionNode = FALSE
	EndGlobalSection
	GlobalSection(ExtensibilityGlobals) = postSolution
		SolutionGuid = {76740028-EC30-4A73-AAC0-E0B8F3165114}
	EndGlobalSection
EndGlobal
